
Microsoft Visual Studio Solution File, Format Version 12.00
# Visual Studio Version 16
VisualStudioVersion = 16.0.31321.278
MinimumVisualStudioVersion = 10.0.40219.1
Project("{FAE04EC0-301F-11D3-BF4B-00C04F79EFBC}") = "Mitchell's Serializable Format", "Mitchell's Serializable Format.csproj", "{58FDF70D-E4F2-4657-AFA2-B7C0816E386D}"
EndProject
Global
	GlobalSection(SolutionConfigurationPlatforms) = preSolution
		Debug|Any CPU = Debug|Any CPU
		Release|Any CPU = Release|Any CPU
	EndGlobalSection
	GlobalSection(ProjectConfigurationPlatforms) = postSolution
		{58FDF70D-E4F2-4657-AFA2-B7C0816E386D}.Debug|Any CPU.ActiveCfg = Debug|Any CPU
		{58FDF70D-E4F2-4657-AFA2-B7C0816E386D}.Debug|Any CPU.Build.0 = Debug|Any CPU
		{58FDF70D-E4F2-4657-AFA2-B7C0816E386D}.Release|Any CPU.ActiveCfg = Release|Any CPU
		{58FDF70D-E4F2-4657-AFA2-B7C0816E386D}.Release|Any CPU.Build.0 = Release|Any CPU
	EndGlobalSection
	GlobalSection(SolutionProperties) = preSolution
		HideSolutionNode = FALSE
	EndGlobalSection
	GlobalSection(ExtensibilityGlobals) = postSolution
		SolutionGuid = {212A673B-7C93-4A9F-B67C-2BFAC4327EE7}
	EndGlobalSection
EndGlobal
