
Microsoft Visual Studio Solution File, Format Version 12.00
# Visual Studio Version 16
VisualStudioVersion = 16.0.31321.278
MinimumVisualStudioVersion = 10.0.40219.1
Project("{9A19103F-16F7-4668-BE54-9A1E7A4F7556}") = "MSF", "MSF.csproj", "{90AE5465-A49D-4861-9A38-163D41773F39}"
EndProject
Global
	GlobalSection(SolutionConfigurationPlatforms) = preSolution
		Debug|Any CPU = Debug|Any CPU
		Release|Any CPU = Release|Any CPU
	EndGlobalSection
	GlobalSection(ProjectConfigurationPlatforms) = postSolution
		{90AE5465-A49D-4861-9A38-163D41773F39}.Debug|Any CPU.ActiveCfg = Debug|Any CPU
		{90AE5465-A49D-4861-9A38-163D41773F39}.Debug|Any CPU.Build.0 = Debug|Any CPU
		{90AE5465-A49D-4861-9A38-163D41773F39}.Release|Any CPU.ActiveCfg = Release|Any CPU
		{90AE5465-A49D-4861-9A38-163D41773F39}.Release|Any CPU.Build.0 = Release|Any CPU
	EndGlobalSection
	GlobalSection(SolutionProperties) = preSolution
		HideSolutionNode = FALSE
	EndGlobalSection
	GlobalSection(ExtensibilityGlobals) = postSolution
		SolutionGuid = {A26C8980-E8E1-440A-9275-300732365DF9}
	EndGlobalSection
EndGlobal
